# This file was autogenerated by Stack.
# You should not edit this file by hand.
# For more information, please see the documentation at:
#   https://docs.haskellstack.org/en/stable/lock_files

packages:
- completed:
    hackage: aws-lambda-haskell-runtime-2.0.2@sha256:04d7478464b8ae9399e400fcd071691fc025b6b41d4626435c359abfce19fb47,2893
    pantry-tree:
      size: 1411
      sha256: 744fbb319f724bcc0b8407999d862e867a6e022a37ea8a622e1332f93d326cda
  original:
    hackage: aws-lambda-haskell-runtime-2.0.2
- completed:
    cabal-file:
      size: 3991
      sha256: 449f10368e6233f708cd85cfd6b7265a694d5f7ac8314427cb6f88296995aae6
    name: telegram-api
    version: 0.7.1.0
    git: https://github.com/klappvisor/haskell-telegram-api.git
    pantry-tree:
      size: 2905
      sha256: 2a3b19f00bdddea3c0aa00abe89b596c20f83c4b006f3f6bfd82fc3f8d9b69de
    commit: abbfd76c40f2783c113b660184a03cc94d58e751
  original:
    git: https://github.com/klappvisor/haskell-telegram-api.git
    commit: abbfd76c40f2783c113b660184a03cc94d58e751
snapshots:
- completed:
    size: 524996
    url: https://raw.githubusercontent.com/commercialhaskell/stackage-snapshots/master/lts/14/27.yaml
    sha256: 7ea31a280c56bf36ff591a7397cc384d0dff622e7f9e4225b47d8980f019a0f0
  original: lts-14.27
